<?xml version="1.0" encoding="utf-8"?>
<Project ToolsVersion="4.0" xmlns="http://schemas.microsoft.com/developer/msbuild/2003">
  <ItemGroup>
    <Filter Include="Source Files">
      <UniqueIdentifier>{4FC737F1-C7A5-4376-A066-2A32D752A2FF}</UniqueIdentifier>
      <Extensions>cpp;c;cc;cxx;def;odl;idl;hpj;bat;asm;asmx</Extensions>
    </Filter>
    <Filter Include="Header Files">
      <UniqueIdentifier>{93995380-89BD-4b04-88EB-625FBE52EBFB}</UniqueIdentifier>
      <Extensions>h;hh;hpp;hxx;hm;inl;inc;ipp;xsd</Extensions>
    </Filter>
    <Filter Include="Resource Files">
      <UniqueIdentifier>{67DA6AB6-F800-4c08-8B7A-83BB121AAD01}</UniqueIdentifier>
      <Extensions>rc;ico;cur;bmp;dlg;rc2;rct;bin;rgs;gif;jpg;jpeg;jpe;resx;tiff;tif;png;wav;mfcribbon-ms</Extensions>
    </Filter>
  </ItemGroup>
  <ItemGroup>
    <ClInclude Include="dmg_critStretch.h">
      <Filter>Header Files</Filter>
    </ClInclude>
    <ClInclude Include="horizon.h">
      <Filter>Header Files</Filter>
    </ClInclude>
    <ClInclude Include="indexConvert.h">
      <Filter>Header Files</Filter>
    </ClInclude>
    <ClInclude Include="inp.h">
      <Filter>Header Files</Filter>
    </ClInclude>
    <ClInclude Include="matPoint.h">
      <Filter>Header Files</Filter>
    </ClInclude>
    <ClInclude Include="periv_ElasticPlasticMaterial.h">
      <Filter>Header Files</Filter>
    </ClInclude>
    <ClInclude Include="periv_LinearPeridynamicSolid.h">
      <Filter>Header Files</Filter>
    </ClInclude>
    <ClInclude Include="periv_PropotypeMicroelastic.h">
      <Filter>Header Files</Filter>
    </ClInclude>
    <ClInclude Include="periv_utilities.h">
      <Filter>Header Files</Filter>
    </ClInclude>
    <ClInclude Include="solver.h">
      <Filter>Header Files</Filter>
    </ClInclude>
    <ClInclude Include="surfaceCorrectionFactor.h">
      <Filter>Header Files</Filter>
    </ClInclude>
    <ClInclude Include="surfaceCrack.h">
      <Filter>Header Files</Filter>
    </ClInclude>
  </ItemGroup>
  <ItemGroup>
    <ClCompile Include="dmg_critStretch.cpp">
      <Filter>Source Files</Filter>
    </ClCompile>
    <ClCompile Include="horizon.cpp">
      <Filter>Source Files</Filter>
    </ClCompile>
    <ClCompile Include="indexConvert.cpp">
      <Filter>Source Files</Filter>
    </ClCompile>
    <ClCompile Include="main.cpp">
      <Filter>Source Files</Filter>
    </ClCompile>
    <ClCompile Include="matPoint.cpp">
      <Filter>Source Files</Filter>
    </ClCompile>
    <ClCompile Include="periv_ElasticPlasticMaterial.cpp">
      <Filter>Source Files</Filter>
    </ClCompile>
    <ClCompile Include="periv_LinearPeridynamicSolid.cpp">
      <Filter>Source Files</Filter>
    </ClCompile>
    <ClCompile Include="periv_PropotypeMicroelastic.cpp">
      <Filter>Source Files</Filter>
    </ClCompile>
    <ClCompile Include="periv_utilities.cpp">
      <Filter>Source Files</Filter>
    </ClCompile>
    <ClCompile Include="solver.cpp">
      <Filter>Source Files</Filter>
    </ClCompile>
    <ClCompile Include="surfaceCorrectionFactor.cpp">
      <Filter>Source Files</Filter>
    </ClCompile>
    <ClCompile Include="surfaceCrack.cpp">
      <Filter>Source Files</Filter>
    </ClCompile>
  </ItemGroup>
</Project>